
Microsoft Visual Studio Solution File, Format Version 12.00
# Visual Studio Version 17
VisualStudioVersion = 17.7.34024.191
MinimumVisualStudioVersion = 10.0.40219.1
Project("{FAE04EC0-301F-11D3-BF4B-00C04F79EFBC}") = "lab_04", "lab_04.csproj", "{C2AC6995-527E-47A6-8A37-5C7003315E5E}"
EndProject
Global
	GlobalSection(SolutionConfigurationPlatforms) = preSolution
		Debug|Any CPU = Debug|Any CPU
		Release|Any CPU = Release|Any CPU
	EndGlobalSection
	GlobalSection(ProjectConfigurationPlatforms) = postSolution
		{C2AC6995-527E-47A6-8A37-5C7003315E5E}.Debug|Any CPU.ActiveCfg = Debug|Any CPU
		{C2AC6995-527E-47A6-8A37-5C7003315E5E}.Debug|Any CPU.Build.0 = Debug|Any CPU
		{C2AC6995-527E-47A6-8A37-5C7003315E5E}.Release|Any CPU.ActiveCfg = Release|Any CPU
		{C2AC6995-527E-47A6-8A37-5C7003315E5E}.Release|Any CPU.Build.0 = Release|Any CPU
	EndGlobalSection
	GlobalSection(SolutionProperties) = preSolution
		HideSolutionNode = FALSE
	EndGlobalSection
	GlobalSection(ExtensibilityGlobals) = postSolution
		SolutionGuid = {A4FFC2AA-1227-4061-B53B-E25500801C3F}
	EndGlobalSection
EndGlobal
